// !$*UTF8*$!
{
	archiveVersion = 1;
	classes = {
	};
	objectVersion = 56;
	objects = {

/* Begin PBXBuildFile section */
		0B38DCD72A24F4C600266290 /* LYLGCDAsyncSocketManger.m in Sources */ = {isa = PBXBuildFile; fileRef = 0B38DCD62A24F4C600266290 /* LYLGCDAsyncSocketManger.m */; };
		24E4E8FF2A1B587C00A9D6D6 /* main.m in Sources */ = {isa = PBXBuildFile; fileRef = 24E4E8FE2A1B587C00A9D6D6 /* main.m */; };
		24E4E90A2A1B5BE900A9D6D6 /* LYLSocketManager.m in Sources */ = {isa = PBXBuildFile; fileRef = 24E4E9092A1B5BE900A9D6D6 /* LYLSocketManager.m */; };
		2AEA43838A4E9607F2AAEA04 /* Pods_IM.framework in Frameworks */ = {isa = PBXBuildFile; fileRef = 0733820ABF5563330B29D49C /* Pods_IM.framework */; };
/* End PBXBuildFile section */

/* Begin PBXCopyFilesBuildPhase section */
		24E4E8F92A1B587C00A9D6D6 /* CopyFiles */ = {
			isa = PBXCopyFilesBuildPhase;
			buildActionMask = 2147483647;
			dstPath = /usr/share/man/man1/;
			dstSubfolderSpec = 0;
			files = (
			);
			runOnlyForDeploymentPostprocessing = 1;
		};
/* End PBXCopyFilesBuildPhase section */

/* Begin PBXFileReference section */
		0733820ABF5563330B29D49C /* Pods_IM.framework */ = {isa = PBXFileReference; explicitFileType = wrapper.framework; includeInIndex = 0; path = Pods_IM.framework; sourceTree = BUILT_PRODUCTS_DIR; };
		0B38DCD52A24F4C600266290 /* LYLGCDAsyncSocketManger.h */ = {isa = PBXFileReference; lastKnownFileType = sourcecode.c.h; path = LYLGCDAsyncSocketManger.h; sourceTree = "<group>"; };
		0B38DCD62A24F4C600266290 /* LYLGCDAsyncSocketManger.m */ = {isa = PBXFileReference; lastKnownFileType = sourcecode.c.objc; path = LYLGCDAsyncSocketManger.m; sourceTree = "<group>"; };
		24E4E8FB2A1B587C00A9D6D6 /* IM */ = {isa = PBXFileReference; explicitFileType = "compiled.mach-o.executable"; includeInIndex = 0; path = IM; sourceTree = BUILT_PRODUCTS_DIR; };
		24E4E8FE2A1B587C00A9D6D6 /* main.m */ = {isa = PBXFileReference; lastKnownFileType = sourcecode.c.objc; path = main.m; sourceTree = "<group>"; };
		24E4E9082A1B5BE900A9D6D6 /* LYLSocketManager.h */ = {isa = PBXFileReference; lastKnownFileType = sourcecode.c.h; path = LYLSocketManager.h; sourceTree = "<group>"; };
		24E4E9092A1B5BE900A9D6D6 /* LYLSocketManager.m */ = {isa = PBXFileReference; lastKnownFileType = sourcecode.c.objc; path = LYLSocketManager.m; sourceTree = "<group>"; };
		37C1B0740E5BEA875F683B48 /* Pods-IM.debug.xcconfig */ = {isa = PBXFileReference; includeInIndex = 1; lastKnownFileType = text.xcconfig; name = "Pods-IM.debug.xcconfig"; path = "Target Support Files/Pods-IM/Pods-IM.debug.xcconfig"; sourceTree = "<group>"; };
		D25BB7100131DD1C4BC1E3F7 /* Pods-IM.release.xcconfig */ = {isa = PBXFileReference; includeInIndex = 1; lastKnownFileType = text.xcconfig; name = "Pods-IM.release.xcconfig"; path = "Target Support Files/Pods-IM/Pods-IM.release.xcconfig"; sourceTree = "<group>"; };
/* End PBXFileReference section */

/* Begin PBXFrameworksBuildPhase section */
		24E4E8F82A1B587C00A9D6D6 /* Frameworks */ = {
			isa = PBXFrameworksBuildPhase;
			buildActionMask = 2147483647;
			files = (
				2AEA43838A4E9607F2AAEA04 /* Pods_IM.framework in Frameworks */,
			);
			runOnlyForDeploymentPostprocessing = 0;
		};
/* End PBXFrameworksBuildPhase section */

/* Begin PBXGroup section */
		24E4E8F22A1B587C00A9D6D6 = {
			isa = PBXGroup;
			children = (
				24E4E8FD2A1B587C00A9D6D6 /* IM */,
				24E4E8FC2A1B587C00A9D6D6 /* Products */,
				57EB95DF347E8CB70FB03845 /* Pods */,
				F5F97B8DFB32D1D07101BF9E /* Frameworks */,
			);
			sourceTree = "<group>";
		};
		24E4E8FC2A1B587C00A9D6D6 /* Products */ = {
			isa = PBXGroup;
			children = (
				24E4E8FB2A1B587C00A9D6D6 /* IM */,
			);
			name = Products;
			sourceTree = "<group>";
		};
		24E4E8FD2A1B587C00A9D6D6 /* IM */ = {
			isa = PBXGroup;
			children = (
				24E4E8FE2A1B587C00A9D6D6 /* main.m */,
				24E4E9082A1B5BE900A9D6D6 /* LYLSocketManager.h */,
				24E4E9092A1B5BE900A9D6D6 /* LYLSocketManager.m */,
				0B38DCD52A24F4C600266290 /* LYLGCDAsyncSocketManger.h */,
				0B38DCD62A24F4C600266290 /* LYLGCDAsyncSocketManger.m */,
			);
			path = IM;
			sourceTree = "<group>";
		};
		57EB95DF347E8CB70FB03845 /* Pods */ = {
			isa = PBXGroup;
			children = (
				37C1B0740E5BEA875F683B48 /* Pods-IM.debug.xcconfig */,
				D25BB7100131DD1C4BC1E3F7 /* Pods-IM.release.xcconfig */,
			);
			path = Pods;
			sourceTree = "<group>";
		};
		F5F97B8DFB32D1D07101BF9E /* Frameworks */ = {
			isa = PBXGroup;
			children = (
				0733820ABF5563330B29D49C /* Pods_IM.framework */,
			);
			name = Frameworks;
			sourceTree = "<group>";
		};
/* End PBXGroup section */

/* Begin PBXNativeTarget section */
		24E4E8FA2A1B587C00A9D6D6 /* IM */ = {
			isa = PBXNativeTarget;
			buildConfigurationList = 24E4E9022A1B587C00A9D6D6 /* Build configuration list for PBXNativeTarget "IM" */;
			buildPhases = (
				DDBDC013F49B009C3535C495 /* [CP] Check Pods Manifest.lock */,
				24E4E8F72A1B587C00A9D6D6 /* Sources */,
				24E4E8F82A1B587C00A9D6D6 /* Frameworks */,
				24E4E8F92A1B587C00A9D6D6 /* CopyFiles */,
			);
			buildRules = (
			);
			dependencies = (
			);
			name = IM;
			productName = IM;
			productReference = 24E4E8FB2A1B587C00A9D6D6 /* IM */;
			productType = "com.apple.product-type.tool";
		};
/* End PBXNativeTarget section */

/* Begin PBXProject section */
		24E4E8F32A1B587C00A9D6D6 /* Project object */ = {
			isa = PBXProject;
			attributes = {
				BuildIndependentTargetsInParallel = 1;
				LastUpgradeCheck = 1430;
				TargetAttributes = {
					24E4E8FA2A1B587C00A9D6D6 = {
						CreatedOnToolsVersion = 14.3;
					};
				};
			};
			buildConfigurationList = 24E4E8F62A1B587C00A9D6D6 /* Build configuration list for PBXProject "IM" */;
			compatibilityVersion = "Xcode 14.0";
			developmentRegion = en;
			hasScannedForEncodings = 0;
			knownRegions = (
				en,
				Base,
			);
			mainGroup = 24E4E8F22A1B587C00A9D6D6;
			productRefGroup = 24E4E8FC2A1B587C00A9D6D6 /* Products */;
			projectDirPath = "";
			projectRoot = "";
			targets = (
				24E4E8FA2A1B587C00A9D6D6 /* IM */,
			);
		};
/* End PBXProject section */

/* Begin PBXShellScriptBuildPhase section */
		DDBDC013F49B009C3535C495 /* [CP] Check Pods Manifest.lock */ = {
			isa = PBXShellScriptBuildPhase;
			buildActionMask = 2147483647;
			files = (
			);
			inputFileListPaths = (
			);
			inputPaths = (
				"${PODS_PODFILE_DIR_PATH}/Podfile.lock",
				"${PODS_ROOT}/Manifest.lock",
			);
			name = "[CP] Check Pods Manifest.lock";
			outputFileListPaths = (
			);
			outputPaths = (
				"$(DERIVED_FILE_DIR)/Pods-IM-checkManifestLockResult.txt",
			);
			runOnlyForDeploymentPostprocessing = 0;
			shellPath = /bin/sh;
			shellScript = "diff \"${PODS_PODFILE_DIR_PATH}/Podfile.lock\" \"${PODS_ROOT}/Manifest.lock\" > /dev/null\nif [ $? != 0 ] ; then\n    # print error to STDERR\n    echo \"error: The sandbox is not in sync with the Podfile.lock. Run 'pod install' or update your CocoaPods installation.\" >&2\n    exit 1\nfi\n# This output is used by Xcode 'outputs' to avoid re-running this script phase.\necho \"SUCCESS\" > \"${SCRIPT_OUTPUT_FILE_0}\"\n";
			showEnvVarsInLog = 0;
		};
/* End PBXShellScriptBuildPhase section */

/* Begin PBXSourcesBuildPhase section */
		24E4E8F72A1B587C00A9D6D6 /* Sources */ = {
			isa = PBXSourcesBuildPhase;
			buildActionMask = 2147483647;
			files = (
				24E4E90A2A1B5BE900A9D6D6 /* LYLSocketManager.m in Sources */,
				24E4E8FF2A1B587C00A9D6D6 /* main.m in Sources */,
				0B38DCD72A24F4C600266290 /* LYLGCDAsyncSocketManger.m in Sources */,
			);
			runOnlyForDeploymentPostprocessing = 0;
		};
/* End PBXSourcesBuildPhase section */

/* Begin XCBuildConfiguration section */
		24E4E9002A1B587C00A9D6D6 /* Debug */ = {
			isa = XCBuildConfiguration;
			buildSettings = {
				ALWAYS_SEARCH_USER_PATHS = NO;
				CLANG_ANALYZER_NONNULL = YES;
				CLANG_ANALYZER_NUMBER_OBJECT_CONVERSION = YES_AGGRESSIVE;
				CLANG_CXX_LANGUAGE_STANDARD = "gnu++20";
				CLANG_ENABLE_MODULES = YES;
				CLANG_ENABLE_OBJC_ARC = YES;
				CLANG_ENABLE_OBJC_WEAK = YES;
				CLANG_WARN_BLOCK_CAPTURE_AUTORELEASING = YES;
				CLANG_WARN_BOOL_CONVERSION = YES;
				CLANG_WARN_COMMA = YES;
				CLANG_WARN_CONSTANT_CONVERSION = YES;
				CLANG_WARN_DEPRECATED_OBJC_IMPLEMENTATIONS = YES;
				CLANG_WARN_DIRECT_OBJC_ISA_USAGE = YES_ERROR;
				CLANG_WARN_DOCUMENTATION_COMMENTS = YES;
				CLANG_WARN_EMPTY_BODY = YES;
				CLANG_WARN_ENUM_CONVERSION = YES;
				CLANG_WARN_INFINITE_RECURSION = YES;
				CLANG_WARN_INT_CONVERSION = YES;
				CLANG_WARN_NON_LITERAL_NULL_CONVERSION = YES;
				CLANG_WARN_OBJC_IMPLICIT_RETAIN_SELF = YES;
				CLANG_WARN_OBJC_LITERAL_CONVERSION = YES;
				CLANG_WARN_OBJC_ROOT_CLASS = YES_ERROR;
				CLANG_WARN_QUOTED_INCLUDE_IN_FRAMEWORK_HEADER = YES;
				CLANG_WARN_RANGE_LOOP_ANALYSIS = YES;
				CLANG_WARN_STRICT_PROTOTYPES = YES;
				CLANG_WARN_SUSPICIOUS_MOVE = YES;
				CLANG_WARN_UNGUARDED_AVAILABILITY = YES_AGGRESSIVE;
				CLANG_WARN_UNREACHABLE_CODE = YES;
				CLANG_WARN__DUPLICATE_METHOD_MATCH = YES;
				COPY_PHASE_STRIP = NO;
				DEBUG_INFORMATION_FORMAT = dwarf;
				ENABLE_STRICT_OBJC_MSGSEND = YES;
				ENABLE_TESTABILITY = YES;
				GCC_C_LANGUAGE_STANDARD = gnu11;
				GCC_DYNAMIC_NO_PIC = NO;
				GCC_NO_COMMON_BLOCKS = YES;
				GCC_OPTIMIZATION_LEVEL = 0;
				GCC_PREPROCESSOR_DEFINITIONS = (
					"DEBUG=1",
					"$(inherited)",
				);
				GCC_WARN_64_TO_32_BIT_CONVERSION = YES;
				GCC_WARN_ABOUT_RETURN_TYPE = YES_ERROR;
				GCC_WARN_UNDECLARED_SELECTOR = YES;
				GCC_WARN_UNINITIALIZED_AUTOS = YES_AGGRESSIVE;
				GCC_WARN_UNUSED_FUNCTION = YES;
				GCC_WARN_UNUSED_VARIABLE = YES;
				MACOSX_DEPLOYMENT_TARGET = 13.2;
				MTL_ENABLE_DEBUG_INFO = INCLUDE_SOURCE;
				MTL_FAST_MATH = YES;
				ONLY_ACTIVE_ARCH = YES;
				SDKROOT = macosx;
			};
			name = Debug;
		};
		24E4E9012A1B587C00A9D6D6 /* Release */ = {
			isa = XCBuildConfiguration;
			buildSettings = {
				ALWAYS_SEARCH_USER_PATHS = NO;
				CLANG_ANALYZER_NONNULL = YES;
				CLANG_ANALYZER_NUMBER_OBJECT_CONVERSION = YES_AGGRESSIVE;
				CLANG_CXX_LANGUAGE_STANDARD = "gnu++20";
				CLANG_ENABLE_MODULES = YES;
				CLANG_ENABLE_OBJC_ARC = YES;
				CLANG_ENABLE_OBJC_WEAK = YES;
				CLANG_WARN_BLOCK_CAPTURE_AUTORELEASING = YES;
				CLANG_WARN_BOOL_CONVERSION = YES;
				CLANG_WARN_COMMA = YES;
				CLANG_WARN_CONSTANT_CONVERSION = YES;
				CLANG_WARN_DEPRECATED_OBJC_IMPLEMENTATIONS = YES;
				CLANG_WARN_DIRECT_OBJC_ISA_USAGE = YES_ERROR;
				CLANG_WARN_DOCUMENTATION_COMMENTS = YES;
				CLANG_WARN_EMPTY_BODY = YES;
				CLANG_WARN_ENUM_CONVERSION = YES;
				CLANG_WARN_INFINITE_RECURSION = YES;
				CLANG_WARN_INT_CONVERSION = YES;
				CLANG_WARN_NON_LITERAL_NULL_CONVERSION = YES;
				CLANG_WARN_OBJC_IMPLICIT_RETAIN_SELF = YES;
				CLANG_WARN_OBJC_LITERAL_CONVERSION = YES;
				CLANG_WARN_OBJC_ROOT_CLASS = YES_ERROR;
				CLANG_WARN_QUOTED_INCLUDE_IN_FRAMEWORK_HEADER = YES;
				CLANG_WARN_RANGE_LOOP_ANALYSIS = YES;
				CLANG_WARN_STRICT_PROTOTYPES = YES;
				CLANG_WARN_SUSPICIOUS_MOVE = YES;
				CLANG_WARN_UNGUARDED_AVAILABILITY = YES_AGGRESSIVE;
				CLANG_WARN_UNREACHABLE_CODE = YES;
				CLANG_WARN__DUPLICATE_METHOD_MATCH = YES;
				COPY_PHASE_STRIP = NO;
				DEBUG_INFORMATION_FORMAT = "dwarf-with-dsym";
				ENABLE_NS_ASSERTIONS = NO;
				ENABLE_STRICT_OBJC_MSGSEND = YES;
				GCC_C_LANGUAGE_STANDARD = gnu11;
				GCC_NO_COMMON_BLOCKS = YES;
				GCC_WARN_64_TO_32_BIT_CONVERSION = YES;
				GCC_WARN_ABOUT_RETURN_TYPE = YES_ERROR;
				GCC_WARN_UNDECLARED_SELECTOR = YES;
				GCC_WARN_UNINITIALIZED_AUTOS = YES_AGGRESSIVE;
				GCC_WARN_UNUSED_FUNCTION = YES;
				GCC_WARN_UNUSED_VARIABLE = YES;
				MACOSX_DEPLOYMENT_TARGET = 13.2;
				MTL_ENABLE_DEBUG_INFO = NO;
				MTL_FAST_MATH = YES;
				SDKROOT = macosx;
			};
			name = Release;
		};
		24E4E9032A1B587C00A9D6D6 /* Debug */ = {
			isa = XCBuildConfiguration;
			baseConfigurationReference = 37C1B0740E5BEA875F683B48 /* Pods-IM.debug.xcconfig */;
			buildSettings = {
				CODE_SIGN_STYLE = Automatic;
				DEVELOPMENT_TEAM = 9SX2U48K7W;
				ENABLE_HARDENED_RUNTIME = YES;
				PRODUCT_NAME = "$(TARGET_NAME)";
			};
			name = Debug;
		};
		24E4E9042A1B587C00A9D6D6 /* Release */ = {
			isa = XCBuildConfiguration;
			baseConfigurationReference = D25BB7100131DD1C4BC1E3F7 /* Pods-IM.release.xcconfig */;
			buildSettings = {
				CODE_SIGN_STYLE = Automatic;
				DEVELOPMENT_TEAM = 9SX2U48K7W;
				ENABLE_HARDENED_RUNTIME = YES;
				PRODUCT_NAME = "$(TARGET_NAME)";
			};
			name = Release;
		};
/* End XCBuildConfiguration section */

/* Begin XCConfigurationList section */
		24E4E8F62A1B587C00A9D6D6 /* Build configuration list for PBXProject "IM" */ = {
			isa = XCConfigurationList;
			buildConfigurations = (
				24E4E9002A1B587C00A9D6D6 /* Debug */,
				24E4E9012A1B587C00A9D6D6 /* Release */,
			);
			defaultConfigurationIsVisible = 0;
			defaultConfigurationName = Release;
		};
		24E4E9022A1B587C00A9D6D6 /* Build configuration list for PBXNativeTarget "IM" */ = {
			isa = XCConfigurationList;
			buildConfigurations = (
				24E4E9032A1B587C00A9D6D6 /* Debug */,
				24E4E9042A1B587C00A9D6D6 /* Release */,
			);
			defaultConfigurationIsVisible = 0;
			defaultConfigurationName = Release;
		};
/* End XCConfigurationList section */
	};
	rootObject = 24E4E8F32A1B587C00A9D6D6 /* Project object */;
}
